
Microsoft Visual Studio Solution File, Format Version 11.00
# Visual Studio 2010
Project("{FAE04EC0-301F-11D3-BF4B-00C04F79EFBC}") = "AliensOnEarth", "AliensOnEarth\AliensOnEarth.csproj", "{D2416F7E-20CD-434E-BB49-DA786667C1AE}"
EndProject
Project("{FAE04EC0-301F-11D3-BF4B-00C04F79EFBC}") = "SharedLibrary", "SharedLibrary\SharedLibrary.csproj", "{2D7E1DCF-47D0-48C6-9326-D77276253FF1}"
EndProject
Project("{FAE04EC0-301F-11D3-BF4B-00C04F79EFBC}") = "MEFAliensPlugin", "MEFAliensPlugin\MEFAliensPlugin.csproj", "{D43E6D75-09AE-4446-ADCD-D4CF00A3B6B0}"
EndProject
Global
	GlobalSection(SolutionConfigurationPlatforms) = preSolution
		Debug|x86 = Debug|x86
		Release|x86 = Release|x86
	EndGlobalSection
	GlobalSection(ProjectConfigurationPlatforms) = postSolution
		{D2416F7E-20CD-434E-BB49-DA786667C1AE}.Debug|x86.ActiveCfg = Debug|x86
		{D2416F7E-20CD-434E-BB49-DA786667C1AE}.Debug|x86.Build.0 = Debug|x86
		{D2416F7E-20CD-434E-BB49-DA786667C1AE}.Release|x86.ActiveCfg = Release|x86
		{D2416F7E-20CD-434E-BB49-DA786667C1AE}.Release|x86.Build.0 = Release|x86
		{2D7E1DCF-47D0-48C6-9326-D77276253FF1}.Debug|x86.ActiveCfg = Debug|x86
		{2D7E1DCF-47D0-48C6-9326-D77276253FF1}.Debug|x86.Build.0 = Debug|x86
		{2D7E1DCF-47D0-48C6-9326-D77276253FF1}.Release|x86.ActiveCfg = Release|x86
		{2D7E1DCF-47D0-48C6-9326-D77276253FF1}.Release|x86.Build.0 = Release|x86
		{D43E6D75-09AE-4446-ADCD-D4CF00A3B6B0}.Debug|x86.ActiveCfg = Debug|x86
		{D43E6D75-09AE-4446-ADCD-D4CF00A3B6B0}.Debug|x86.Build.0 = Debug|x86
		{D43E6D75-09AE-4446-ADCD-D4CF00A3B6B0}.Release|x86.ActiveCfg = Release|x86
		{D43E6D75-09AE-4446-ADCD-D4CF00A3B6B0}.Release|x86.Build.0 = Release|x86
	EndGlobalSection
	GlobalSection(SolutionProperties) = preSolution
		HideSolutionNode = FALSE
	EndGlobalSection
EndGlobal
